// !$*UTF8*$!
{
	archiveVersion = 1;
	classes = {
	};
	objectVersion = 54;
	objects = {

/* Begin PBXBuildFile section */
		2504097622F398A100B46B47 /* AppDelegate.swift in Sources */ = {isa = PBXBuildFile; fileRef = 2504097522F398A100B46B47 /* AppDelegate.swift */; };
		2504097822F398A100B46B47 /* ViewController.swift in Sources */ = {isa = PBXBuildFile; fileRef = 2504097722F398A100B46B47 /* ViewController.swift */; };
		2504097A22F398A300B46B47 /* Assets.xcassets in Resources */ = {isa = PBXBuildFile; fileRef = 2504097922F398A300B46B47 /* Assets.xcassets */; };
		2504097D22F398A300B46B47 /* Main.storyboard in Resources */ = {isa = PBXBuildFile; fileRef = 2504097B22F398A300B46B47 /* Main.storyboard */; };
		2504098822F3997700B46B47 /* SharedVar.swift in Sources */ = {isa = PBXBuildFile; fileRef = 2504098522F3997700B46B47 /* SharedVar.swift */; };
		2504098922F3997700B46B47 /* EurViewController.swift in Sources */ = {isa = PBXBuildFile; fileRef = 2504098622F3997700B46B47 /* EurViewController.swift */; };
		2504098A22F3997700B46B47 /* EventMonitor.swift in Sources */ = {isa = PBXBuildFile; fileRef = 2504098722F3997700B46B47 /* EventMonitor.swift */; };
		2504098C22F3A28400B46B47 /* MenuViewController.swift in Sources */ = {isa = PBXBuildFile; fileRef = 2504098B22F3A28400B46B47 /* MenuViewController.swift */; };
		559E7D15E3DE4800EA16EA6C /* Pods_Currency.framework in Frameworks */ = {isa = PBXBuildFile; fileRef = 230C6B260BCA8852CEC75F3C /* Pods_Currency.framework */; };
/* End PBXBuildFile section */

/* Begin PBXFileReference section */
		230C6B260BCA8852CEC75F3C /* Pods_Currency.framework */ = {isa = PBXFileReference; explicitFileType = wrapper.framework; includeInIndex = 0; path = Pods_Currency.framework; sourceTree = BUILT_PRODUCTS_DIR; };
		2504097222F398A100B46B47 /* Currency.app */ = {isa = PBXFileReference; explicitFileType = wrapper.application; includeInIndex = 0; path = Currency.app; sourceTree = BUILT_PRODUCTS_DIR; };
		2504097522F398A100B46B47 /* AppDelegate.swift */ = {isa = PBXFileReference; lastKnownFileType = sourcecode.swift; path = AppDelegate.swift; sourceTree = "<group>"; };
		2504097722F398A100B46B47 /* ViewController.swift */ = {isa = PBXFileReference; lastKnownFileType = sourcecode.swift; path = ViewController.swift; sourceTree = "<group>"; };
		2504097922F398A300B46B47 /* Assets.xcassets */ = {isa = PBXFileReference; lastKnownFileType = folder.assetcatalog; path = Assets.xcassets; sourceTree = "<group>"; };
		2504097C22F398A300B46B47 /* Base */ = {isa = PBXFileReference; lastKnownFileType = file.storyboard; name = Base; path = Base.lproj/Main.storyboard; sourceTree = "<group>"; };
		2504097E22F398A300B46B47 /* Info.plist */ = {isa = PBXFileReference; lastKnownFileType = text.plist.xml; path = Info.plist; sourceTree = "<group>"; };
		2504097F22F398A300B46B47 /* Currency.entitlements */ = {isa = PBXFileReference; lastKnownFileType = text.plist.entitlements; path = Currency.entitlements; sourceTree = "<group>"; };
		2504098522F3997700B46B47 /* SharedVar.swift */ = {isa = PBXFileReference; fileEncoding = 4; lastKnownFileType = sourcecode.swift; path = SharedVar.swift; sourceTree = "<group>"; };
		2504098622F3997700B46B47 /* EurViewController.swift */ = {isa = PBXFileReference; fileEncoding = 4; lastKnownFileType = sourcecode.swift; path = EurViewController.swift; sourceTree = "<group>"; };
		2504098722F3997700B46B47 /* EventMonitor.swift */ = {isa = PBXFileReference; fileEncoding = 4; lastKnownFileType = sourcecode.swift; path = EventMonitor.swift; sourceTree = "<group>"; };
		2504098B22F3A28400B46B47 /* MenuViewController.swift */ = {isa = PBXFileReference; lastKnownFileType = sourcecode.swift; path = MenuViewController.swift; sourceTree = "<group>"; };
		6154A97B74D540511E3957E6 /* Pods-Currency.debug.xcconfig */ = {isa = PBXFileReference; includeInIndex = 1; lastKnownFileType = text.xcconfig; name = "Pods-Currency.debug.xcconfig"; path = "Target Support Files/Pods-Currency/Pods-Currency.debug.xcconfig"; sourceTree = "<group>"; };
		FC4555701AD73A8A9AA30E47 /* Pods-Currency.release.xcconfig */ = {isa = PBXFileReference; includeInIndex = 1; lastKnownFileType = text.xcconfig; name = "Pods-Currency.release.xcconfig"; path = "Target Support Files/Pods-Currency/Pods-Currency.release.xcconfig"; sourceTree = "<group>"; };
/* End PBXFileReference section */

/* Begin PBXFrameworksBuildPhase section */
		2504096F22F398A100B46B47 /* Frameworks */ = {
			isa = PBXFrameworksBuildPhase;
			buildActionMask = 2147483647;
			files = (
				559E7D15E3DE4800EA16EA6C /* Pods_Currency.framework in Frameworks */,
			);
			runOnlyForDeploymentPostprocessing = 0;
		};
/* End PBXFrameworksBuildPhase section */

/* Begin PBXGroup section */
		1CEB25BF4DB775E321D8036E /* Frameworks */ = {
			isa = PBXGroup;
			children = (
				230C6B260BCA8852CEC75F3C /* Pods_Currency.framework */,
			);
			name = Frameworks;
			sourceTree = "<group>";
		};
		2504096922F398A100B46B47 = {
			isa = PBXGroup;
			children = (
				2504097422F398A100B46B47 /* Currency */,
				2504097322F398A100B46B47 /* Products */,
				418879906052BE4342B876FF /* Pods */,
				1CEB25BF4DB775E321D8036E /* Frameworks */,
			);
			indentWidth = 4;
			sourceTree = "<group>";
			tabWidth = 4;
			usesTabs = 0;
			wrapsLines = 1;
		};
		2504097322F398A100B46B47 /* Products */ = {
			isa = PBXGroup;
			children = (
				2504097222F398A100B46B47 /* Currency.app */,
			);
			name = Products;
			sourceTree = "<group>";
		};
		2504097422F398A100B46B47 /* Currency */ = {
			isa = PBXGroup;
			children = (
				2504098622F3997700B46B47 /* EurViewController.swift */,
				2504098722F3997700B46B47 /* EventMonitor.swift */,
				2504098522F3997700B46B47 /* SharedVar.swift */,
				2504097522F398A100B46B47 /* AppDelegate.swift */,
				2504097722F398A100B46B47 /* ViewController.swift */,
				2504097922F398A300B46B47 /* Assets.xcassets */,
				2504097B22F398A300B46B47 /* Main.storyboard */,
				2504097E22F398A300B46B47 /* Info.plist */,
				2504097F22F398A300B46B47 /* Currency.entitlements */,
				2504098B22F3A28400B46B47 /* MenuViewController.swift */,
			);
			path = Currency;
			sourceTree = "<group>";
		};
		418879906052BE4342B876FF /* Pods */ = {
			isa = PBXGroup;
			children = (
				6154A97B74D540511E3957E6 /* Pods-Currency.debug.xcconfig */,
				FC4555701AD73A8A9AA30E47 /* Pods-Currency.release.xcconfig */,
			);
			path = Pods;
			sourceTree = "<group>";
		};
/* End PBXGroup section */

/* Begin PBXNativeTarget section */
		2504097122F398A100B46B47 /* Currency */ = {
			isa = PBXNativeTarget;
			buildConfigurationList = 2504098222F398A300B46B47 /* Build configuration list for PBXNativeTarget "Currency" */;
			buildPhases = (
				D2F54405561611F86C26FA56 /* [CP] Check Pods Manifest.lock */,
				2504096E22F398A100B46B47 /* Sources */,
				2504096F22F398A100B46B47 /* Frameworks */,
				2504097022F398A100B46B47 /* Resources */,
				DBC63A2351E2BA6C12D8FC28 /* [CP] Embed Pods Frameworks */,
			);
			buildRules = (
			);
			dependencies = (
			);
			name = Currency;
			productName = Currency;
			productReference = 2504097222F398A100B46B47 /* Currency.app */;
			productType = "com.apple.product-type.application";
		};
/* End PBXNativeTarget section */

/* Begin PBXProject section */
		2504096A22F398A100B46B47 /* Project object */ = {
			isa = PBXProject;
			attributes = {
				LastSwiftUpdateCheck = 1010;
				LastUpgradeCheck = 1210;
				ORGANIZATIONNAME = mrb;
				TargetAttributes = {
					2504097122F398A100B46B47 = {
						CreatedOnToolsVersion = 10.1;
						LastSwiftMigration = 1210;
						SystemCapabilities = {
							com.apple.Sandbox = {
								enabled = 1;
							};
						};
					};
				};
			};
			buildConfigurationList = 2504096D22F398A100B46B47 /* Build configuration list for PBXProject "Currency" */;
			compatibilityVersion = "Xcode 12.0";
			developmentRegion = en;
			hasScannedForEncodings = 0;
			knownRegions = (
				en,
				Base,
			);
			mainGroup = 2504096922F398A100B46B47;
			productRefGroup = 2504097322F398A100B46B47 /* Products */;
			projectDirPath = "";
			projectRoot = "";
			targets = (
				2504097122F398A100B46B47 /* Currency */,
			);
		};
/* End PBXProject section */

/* Begin PBXResourcesBuildPhase section */
		2504097022F398A100B46B47 /* Resources */ = {
			isa = PBXResourcesBuildPhase;
			buildActionMask = 2147483647;
			files = (
				2504097A22F398A300B46B47 /* Assets.xcassets in Resources */,
				2504097D22F398A300B46B47 /* Main.storyboard in Resources */,
			);
			runOnlyForDeploymentPostprocessing = 0;
		};
/* End PBXResourcesBuildPhase section */

/* Begin PBXShellScriptBuildPhase section */
		D2F54405561611F86C26FA56 /* [CP] Check Pods Manifest.lock */ = {
			isa = PBXShellScriptBuildPhase;
			buildActionMask = 2147483647;
			files = (
			);
			inputFileListPaths = (
			);
			inputPaths = (
				"${PODS_PODFILE_DIR_PATH}/Podfile.lock",
				"${PODS_ROOT}/Manifest.lock",
			);
			name = "[CP] Check Pods Manifest.lock";
			outputFileListPaths = (
			);
			outputPaths = (
				"$(DERIVED_FILE_DIR)/Pods-Currency-checkManifestLockResult.txt",
			);
			runOnlyForDeploymentPostprocessing = 0;
			shellPath = /bin/sh;
			shellScript = "diff \"${PODS_PODFILE_DIR_PATH}/Podfile.lock\" \"${PODS_ROOT}/Manifest.lock\" > /dev/null\nif [ $? != 0 ] ; then\n    # print error to STDERR\n    echo \"error: The sandbox is not in sync with the Podfile.lock. Run 'pod install' or update your CocoaPods installation.\" >&2\n    exit 1\nfi\n# This output is used by Xcode 'outputs' to avoid re-running this script phase.\necho \"SUCCESS\" > \"${SCRIPT_OUTPUT_FILE_0}\"\n";
			showEnvVarsInLog = 0;
		};
		DBC63A2351E2BA6C12D8FC28 /* [CP] Embed Pods Frameworks */ = {
			isa = PBXShellScriptBuildPhase;
			buildActionMask = 2147483647;
			files = (
			);
			inputFileListPaths = (
				"${PODS_ROOT}/Target Support Files/Pods-Currency/Pods-Currency-frameworks-${CONFIGURATION}-input-files.xcfilelist",
			);
			name = "[CP] Embed Pods Frameworks";
			outputFileListPaths = (
				"${PODS_ROOT}/Target Support Files/Pods-Currency/Pods-Currency-frameworks-${CONFIGURATION}-output-files.xcfilelist",
			);
			runOnlyForDeploymentPostprocessing = 0;
			shellPath = /bin/sh;
			shellScript = "\"${PODS_ROOT}/Target Support Files/Pods-Currency/Pods-Currency-frameworks.sh\"\n";
			showEnvVarsInLog = 0;
		};
/* End PBXShellScriptBuildPhase section */

/* Begin PBXSourcesBuildPhase section */
		2504096E22F398A100B46B47 /* Sources */ = {
			isa = PBXSourcesBuildPhase;
			buildActionMask = 2147483647;
			files = (
				2504097822F398A100B46B47 /* ViewController.swift in Sources */,
				2504098C22F3A28400B46B47 /* MenuViewController.swift in Sources */,
				2504098A22F3997700B46B47 /* EventMonitor.swift in Sources */,
				2504098922F3997700B46B47 /* EurViewController.swift in Sources */,
				2504097622F398A100B46B47 /* AppDelegate.swift in Sources */,
				2504098822F3997700B46B47 /* SharedVar.swift in Sources */,
			);
			runOnlyForDeploymentPostprocessing = 0;
		};
/* End PBXSourcesBuildPhase section */

/* Begin PBXVariantGroup section */
		2504097B22F398A300B46B47 /* Main.storyboard */ = {
			isa = PBXVariantGroup;
			children = (
				2504097C22F398A300B46B47 /* Base */,
			);
			name = Main.storyboard;
			sourceTree = "<group>";
		};
/* End PBXVariantGroup section */

/* Begin XCBuildConfiguration section */
		2504098022F398A300B46B47 /* Debug */ = {
			isa = XCBuildConfiguration;
			buildSettings = {
				ALWAYS_SEARCH_USER_PATHS = NO;
				CLANG_ANALYZER_NONNULL = YES;
				CLANG_ANALYZER_NUMBER_OBJECT_CONVERSION = YES_AGGRESSIVE;
				CLANG_CXX_LANGUAGE_STANDARD = "gnu++14";
				CLANG_CXX_LIBRARY = "libc++";
				CLANG_ENABLE_MODULES = YES;
				CLANG_ENABLE_OBJC_ARC = YES;
				CLANG_ENABLE_OBJC_WEAK = YES;
				CLANG_WARN_BLOCK_CAPTURE_AUTORELEASING = YES;
				CLANG_WARN_BOOL_CONVERSION = YES;
				CLANG_WARN_COMMA = YES;
				CLANG_WARN_CONSTANT_CONVERSION = YES;
				CLANG_WARN_DEPRECATED_OBJC_IMPLEMENTATIONS = YES;
				CLANG_WARN_DIRECT_OBJC_ISA_USAGE = YES_ERROR;
				CLANG_WARN_DOCUMENTATION_COMMENTS = YES;
				CLANG_WARN_EMPTY_BODY = YES;
				CLANG_WARN_ENUM_CONVERSION = YES;
				CLANG_WARN_INFINITE_RECURSION = YES;
				CLANG_WARN_INT_CONVERSION = YES;
				CLANG_WARN_NON_LITERAL_NULL_CONVERSION = YES;
				CLANG_WARN_OBJC_IMPLICIT_RETAIN_SELF = YES;
				CLANG_WARN_OBJC_LITERAL_CONVERSION = YES;
				CLANG_WARN_OBJC_ROOT_CLASS = YES_ERROR;
				CLANG_WARN_QUOTED_INCLUDE_IN_FRAMEWORK_HEADER = YES;
				CLANG_WARN_RANGE_LOOP_ANALYSIS = YES;
				CLANG_WARN_STRICT_PROTOTYPES = YES;
				CLANG_WARN_SUSPICIOUS_MOVE = YES;
				CLANG_WARN_UNGUARDED_AVAILABILITY = YES_AGGRESSIVE;
				CLANG_WARN_UNREACHABLE_CODE = YES;
				CLANG_WARN__DUPLICATE_METHOD_MATCH = YES;
				CODE_SIGN_IDENTITY = "-";
				COPY_PHASE_STRIP = NO;
				DEBUG_INFORMATION_FORMAT = dwarf;
				ENABLE_STRICT_OBJC_MSGSEND = YES;
				ENABLE_TESTABILITY = YES;
				GCC_C_LANGUAGE_STANDARD = gnu11;
				GCC_DYNAMIC_NO_PIC = NO;
				GCC_NO_COMMON_BLOCKS = YES;
				GCC_OPTIMIZATION_LEVEL = 0;
				GCC_PREPROCESSOR_DEFINITIONS = (
					"DEBUG=1",
					"$(inherited)",
				);
				GCC_WARN_64_TO_32_BIT_CONVERSION = YES;
				GCC_WARN_ABOUT_RETURN_TYPE = YES_ERROR;
				GCC_WARN_UNDECLARED_SELECTOR = YES;
				GCC_WARN_UNINITIALIZED_AUTOS = YES_AGGRESSIVE;
				GCC_WARN_UNUSED_FUNCTION = YES;
				GCC_WARN_UNUSED_VARIABLE = YES;
				MACOSX_DEPLOYMENT_TARGET = 10.14;
				MTL_ENABLE_DEBUG_INFO = INCLUDE_SOURCE;
				MTL_FAST_MATH = YES;
				ONLY_ACTIVE_ARCH = YES;
				SDKROOT = macosx;
				SWIFT_ACTIVE_COMPILATION_CONDITIONS = DEBUG;
				SWIFT_OPTIMIZATION_LEVEL = "-Onone";
			};
			name = Debug;
		};
		2504098122F398A300B46B47 /* Release */ = {
			isa = XCBuildConfiguration;
			buildSettings = {
				ALWAYS_SEARCH_USER_PATHS = NO;
				CLANG_ANALYZER_NONNULL = YES;
				CLANG_ANALYZER_NUMBER_OBJECT_CONVERSION = YES_AGGRESSIVE;
				CLANG_CXX_LANGUAGE_STANDARD = "gnu++14";
				CLANG_CXX_LIBRARY = "libc++";
				CLANG_ENABLE_MODULES = YES;
				CLANG_ENABLE_OBJC_ARC = YES;
				CLANG_ENABLE_OBJC_WEAK = YES;
				CLANG_WARN_BLOCK_CAPTURE_AUTORELEASING = YES;
				CLANG_WARN_BOOL_CONVERSION = YES;
				CLANG_WARN_COMMA = YES;
				CLANG_WARN_CONSTANT_CONVERSION = YES;
				CLANG_WARN_DEPRECATED_OBJC_IMPLEMENTATIONS = YES;
				CLANG_WARN_DIRECT_OBJC_ISA_USAGE = YES_ERROR;
				CLANG_WARN_DOCUMENTATION_COMMENTS = YES;
				CLANG_WARN_EMPTY_BODY = YES;
				CLANG_WARN_ENUM_CONVERSION = YES;
				CLANG_WARN_INFINITE_RECURSION = YES;
				CLANG_WARN_INT_CONVERSION = YES;
				CLANG_WARN_NON_LITERAL_NULL_CONVERSION = YES;
				CLANG_WARN_OBJC_IMPLICIT_RETAIN_SELF = YES;
				CLANG_WARN_OBJC_LITERAL_CONVERSION = YES;
				CLANG_WARN_OBJC_ROOT_CLASS = YES_ERROR;
				CLANG_WARN_QUOTED_INCLUDE_IN_FRAMEWORK_HEADER = YES;
				CLANG_WARN_RANGE_LOOP_ANALYSIS = YES;
				CLANG_WARN_STRICT_PROTOTYPES = YES;
				CLANG_WARN_SUSPICIOUS_MOVE = YES;
				CLANG_WARN_UNGUARDED_AVAILABILITY = YES_AGGRESSIVE;
				CLANG_WARN_UNREACHABLE_CODE = YES;
				CLANG_WARN__DUPLICATE_METHOD_MATCH = YES;
				CODE_SIGN_IDENTITY = "-";
				COPY_PHASE_STRIP = NO;
				DEBUG_INFORMATION_FORMAT = "dwarf-with-dsym";
				ENABLE_NS_ASSERTIONS = NO;
				ENABLE_STRICT_OBJC_MSGSEND = YES;
				GCC_C_LANGUAGE_STANDARD = gnu11;
				GCC_NO_COMMON_BLOCKS = YES;
				GCC_WARN_64_TO_32_BIT_CONVERSION = YES;
				GCC_WARN_ABOUT_RETURN_TYPE = YES_ERROR;
				GCC_WARN_UNDECLARED_SELECTOR = YES;
				GCC_WARN_UNINITIALIZED_AUTOS = YES_AGGRESSIVE;
				GCC_WARN_UNUSED_FUNCTION = YES;
				GCC_WARN_UNUSED_VARIABLE = YES;
				MACOSX_DEPLOYMENT_TARGET = 10.14;
				MTL_ENABLE_DEBUG_INFO = NO;
				MTL_FAST_MATH = YES;
				SDKROOT = macosx;
				SWIFT_COMPILATION_MODE = wholemodule;
				SWIFT_OPTIMIZATION_LEVEL = "-O";
			};
			name = Release;
		};
		2504098322F398A300B46B47 /* Debug */ = {
			isa = XCBuildConfiguration;
			baseConfigurationReference = 6154A97B74D540511E3957E6 /* Pods-Currency.debug.xcconfig */;
			buildSettings = {
				ASSETCATALOG_COMPILER_APPICON_NAME = AppIcon;
				CODE_SIGN_ENTITLEMENTS = Currency/Currency.entitlements;
				CODE_SIGN_IDENTITY = "-";
				CODE_SIGN_STYLE = Automatic;
				COMBINE_HIDPI_IMAGES = YES;
				CURRENT_PROJECT_VERSION = 2;
				DEVELOPMENT_TEAM = H63U8F484A;
				INFOPLIST_FILE = Currency/Info.plist;
				LD_RUNPATH_SEARCH_PATHS = (
					"$(inherited)",
					"@executable_path/../Frameworks",
				);
				MACOSX_DEPLOYMENT_TARGET = 10.15;
				MARKETING_VERSION = 1.1;
				PRODUCT_BUNDLE_IDENTIFIER = com.mrb.Currency;
				PRODUCT_NAME = "$(TARGET_NAME)";
				SWIFT_VERSION = 5.0;
			};
			name = Debug;
		};
		2504098422F398A300B46B47 /* Release */ = {
			isa = XCBuildConfiguration;
			baseConfigurationReference = FC4555701AD73A8A9AA30E47 /* Pods-Currency.release.xcconfig */;
			buildSettings = {
				ASSETCATALOG_COMPILER_APPICON_NAME = AppIcon;
				CODE_SIGN_ENTITLEMENTS = Currency/Currency.entitlements;
				CODE_SIGN_IDENTITY = "-";
				CODE_SIGN_STYLE = Automatic;
				COMBINE_HIDPI_IMAGES = YES;
				CURRENT_PROJECT_VERSION = 2;
				DEVELOPMENT_TEAM = H63U8F484A;
				INFOPLIST_FILE = Currency/Info.plist;
				LD_RUNPATH_SEARCH_PATHS = (
					"$(inherited)",
					"@executable_path/../Frameworks",
				);
				MACOSX_DEPLOYMENT_TARGET = 10.15;
				MARKETING_VERSION = 1.1;
				PRODUCT_BUNDLE_IDENTIFIER = com.mrb.Currency;
				PRODUCT_NAME = "$(TARGET_NAME)";
				SWIFT_VERSION = 5.0;
			};
			name = Release;
		};
/* End XCBuildConfiguration section */

/* Begin XCConfigurationList section */
		2504096D22F398A100B46B47 /* Build configuration list for PBXProject "Currency" */ = {
			isa = XCConfigurationList;
			buildConfigurations = (
				2504098022F398A300B46B47 /* Debug */,
				2504098122F398A300B46B47 /* Release */,
			);
			defaultConfigurationIsVisible = 0;
			defaultConfigurationName = Release;
		};
		2504098222F398A300B46B47 /* Build configuration list for PBXNativeTarget "Currency" */ = {
			isa = XCConfigurationList;
			buildConfigurations = (
				2504098322F398A300B46B47 /* Debug */,
				2504098422F398A300B46B47 /* Release */,
			);
			defaultConfigurationIsVisible = 0;
			defaultConfigurationName = Release;
		};
/* End XCConfigurationList section */
	};
	rootObject = 2504096A22F398A100B46B47 /* Project object */;
}
